
Microsoft Visual Studio Solution File, Format Version 12.00
# Visual Studio Version 17
VisualStudioVersion = 17.10.35027.167
MinimumVisualStudioVersion = 10.0.40219.1
Project("{FAE04EC0-301F-11D3-BF4B-00C04F79EFBC}") = "CSharp_Ejercicio_De_Colecciones", "CSharp_Ejercicio_De_Colecciones\CSharp_Ejercicio_De_Colecciones.csproj", "{A3735952-4EF7-4E78-A25E-B62C28EEA614}"
EndProject
Global
	GlobalSection(SolutionConfigurationPlatforms) = preSolution
		Debug|Any CPU = Debug|Any CPU
		Release|Any CPU = Release|Any CPU
	EndGlobalSection
	GlobalSection(ProjectConfigurationPlatforms) = postSolution
		{A3735952-4EF7-4E78-A25E-B62C28EEA614}.Debug|Any CPU.ActiveCfg = Debug|Any CPU
		{A3735952-4EF7-4E78-A25E-B62C28EEA614}.Debug|Any CPU.Build.0 = Debug|Any CPU
		{A3735952-4EF7-4E78-A25E-B62C28EEA614}.Release|Any CPU.ActiveCfg = Release|Any CPU
		{A3735952-4EF7-4E78-A25E-B62C28EEA614}.Release|Any CPU.Build.0 = Release|Any CPU
	EndGlobalSection
	GlobalSection(SolutionProperties) = preSolution
		HideSolutionNode = FALSE
	EndGlobalSection
	GlobalSection(ExtensibilityGlobals) = postSolution
		SolutionGuid = {9055AF2B-95B5-40E5-ABAE-8828EF616C75}
	EndGlobalSection
EndGlobal
